
Microsoft Visual Studio Solution File, Format Version 12.00
# Visual Studio Version 17
VisualStudioVersion = 17.14.36518.9 d17.14
MinimumVisualStudioVersion = 10.0.40219.1
Project("{FAE04EC0-301F-11D3-BF4B-00C04F79EFBC}") = "KeyValueDB", "KeyValueDB\KeyValueDB.csproj", "{2D35CD65-71DD-4034-AE0A-EDA4CF58185A}"
EndProject
Global
	GlobalSection(SolutionConfigurationPlatforms) = preSolution
		Debug|Any CPU = Debug|Any CPU
		Release|Any CPU = Release|Any CPU
	EndGlobalSection
	GlobalSection(ProjectConfigurationPlatforms) = postSolution
		{2D35CD65-71DD-4034-AE0A-EDA4CF58185A}.Debug|Any CPU.ActiveCfg = Debug|Any CPU
		{2D35CD65-71DD-4034-AE0A-EDA4CF58185A}.Debug|Any CPU.Build.0 = Debug|Any CPU
		{2D35CD65-71DD-4034-AE0A-EDA4CF58185A}.Release|Any CPU.ActiveCfg = Release|Any CPU
		{2D35CD65-71DD-4034-AE0A-EDA4CF58185A}.Release|Any CPU.Build.0 = Release|Any CPU
	EndGlobalSection
	GlobalSection(SolutionProperties) = preSolution
		HideSolutionNode = FALSE
	EndGlobalSection
	GlobalSection(ExtensibilityGlobals) = postSolution
		SolutionGuid = {9CE355DD-EAD4-4284-BF93-65D4CD0527A1}
	EndGlobalSection
EndGlobal
